github.com/seancfoley/bintree v1.2.1 h1:Z/iNjRKkXnn0CTW7jDQYtjW5fz2GH1yWvOTJ4MrMvdo=
github.com/seancfoley/bintree v1.2.1/go.mod h1:hIUabL8OFYyFVTQ6azeajbopogQc2l5C/hiXMcemWNU=
github.com/seancfoley/ipaddress-go v1.5.4 h1:ZdjewWC1J2y5ruQjWHwK6rA1tInWB6mz1ftz6uTm+Uw=
github.com/seancfoley/ipaddress-go v1.5.4/go.mod h1:fpvVPC+Jso+YEhNcNiww8HQmBgKP8T4T6BTp1SLxxIo=
